# This file is automatically @generated by Cargo.
# It is not intended for manual editing.
version = 4

[[package]]
name = "qvas-backend-aot"
version = "0.1.0"

[[package]]
name = "qvas-backend-comptime"
version = "0.1.0"

[[package]]
name = "qvas-backend-jit"
version = "0.1.0"

[[package]]
name = "qvas-cli"
version = "0.1.0"

[[package]]
name = "qvas-frontend"
version = "0.1.0"

[[package]]
name = "qvas-lexer"
version = "0.1.0"

[[package]]
name = "qvas-parser"
version = "0.1.0"

[[package]]
name = "qvas-pkg"
version = "0.1.0"
